// !$*UTF8*$!
{
	archiveVersion = 1;
	classes = {
	};
	objectVersion = 50;
	objects = {

/* Begin PBXBuildFile section */
		43DCB2AA23F28A8300F5BE18 /* ViewController.swift in Sources */ = {isa = PBXBuildFile; fileRef = 43DCB2A923F28A8300F5BE18 /* ViewController.swift */; };
		43DCB2AD23F28A8300F5BE18 /* Main.storyboard in Resources */ = {isa = PBXBuildFile; fileRef = 43DCB2AB23F28A8300F5BE18 /* Main.storyboard */; };
		43DCB2B023F28A8300F5BE18 /* ios_apns_test.xcdatamodeld in Sources */ = {isa = PBXBuildFile; fileRef = 43DCB2AE23F28A8300F5BE18 /* ios_apns_test.xcdatamodeld */; };
		43DCB2B223F28A8600F5BE18 /* Assets.xcassets in Resources */ = {isa = PBXBuildFile; fileRef = 43DCB2B123F28A8600F5BE18 /* Assets.xcassets */; };
		43DCB2B523F28A8600F5BE18 /* LaunchScreen.storyboard in Resources */ = {isa = PBXBuildFile; fileRef = 43DCB2B323F28A8600F5BE18 /* LaunchScreen.storyboard */; };
		43DCB2DB23F38AB600F5BE18 /* NotificationService.swift in Sources */ = {isa = PBXBuildFile; fileRef = 43DCB2DA23F38AB600F5BE18 /* NotificationService.swift */; };
		43DCB2DF23F38AB600F5BE18 /* notification-service-ex.appex in Embed App Extensions */ = {isa = PBXBuildFile; fileRef = 43DCB2D823F38AB600F5BE18 /* notification-service-ex.appex */; settings = {ATTRIBUTES = (RemoveHeadersOnCopy, ); }; };
		43DCB2E923F39B6600F5BE18 /* AppDelegate.swift in Sources */ = {isa = PBXBuildFile; fileRef = 43DCB2E723F39B6600F5BE18 /* AppDelegate.swift */; };
		43DCB2EA23F39B6600F5BE18 /* SceneDelegate.swift in Sources */ = {isa = PBXBuildFile; fileRef = 43DCB2E823F39B6600F5BE18 /* SceneDelegate.swift */; };
		43DCB2EC23F39B7000F5BE18 /* sample.jpg in Resources */ = {isa = PBXBuildFile; fileRef = 43DCB2EB23F39B7000F5BE18 /* sample.jpg */; };
/* End PBXBuildFile section */

/* Begin PBXContainerItemProxy section */
		43DCB2DD23F38AB600F5BE18 /* PBXContainerItemProxy */ = {
			isa = PBXContainerItemProxy;
			containerPortal = 43DCB29A23F28A8300F5BE18 /* Project object */;
			proxyType = 1;
			remoteGlobalIDString = 43DCB2D723F38AB600F5BE18;
			remoteInfo = "notification-service-ex";
		};
/* End PBXContainerItemProxy section */

/* Begin PBXCopyFilesBuildPhase section */
		43DCB2D023F38A3000F5BE18 /* Embed App Extensions */ = {
			isa = PBXCopyFilesBuildPhase;
			buildActionMask = 2147483647;
			dstPath = "";
			dstSubfolderSpec = 13;
			files = (
				43DCB2DF23F38AB600F5BE18 /* notification-service-ex.appex in Embed App Extensions */,
			);
			name = "Embed App Extensions";
			runOnlyForDeploymentPostprocessing = 0;
		};
/* End PBXCopyFilesBuildPhase section */

/* Begin PBXFileReference section */
		43DCB2A223F28A8300F5BE18 /* ios-apns-test.app */ = {isa = PBXFileReference; explicitFileType = wrapper.application; includeInIndex = 0; path = "ios-apns-test.app"; sourceTree = BUILT_PRODUCTS_DIR; };
		43DCB2A923F28A8300F5BE18 /* ViewController.swift */ = {isa = PBXFileReference; lastKnownFileType = sourcecode.swift; path = ViewController.swift; sourceTree = "<group>"; };
		43DCB2AC23F28A8300F5BE18 /* Base */ = {isa = PBXFileReference; lastKnownFileType = file.storyboard; name = Base; path = Base.lproj/Main.storyboard; sourceTree = "<group>"; };
		43DCB2AF23F28A8300F5BE18 /* ios_apns_test.xcdatamodel */ = {isa = PBXFileReference; lastKnownFileType = wrapper.xcdatamodel; path = ios_apns_test.xcdatamodel; sourceTree = "<group>"; };
		43DCB2B123F28A8600F5BE18 /* Assets.xcassets */ = {isa = PBXFileReference; lastKnownFileType = folder.assetcatalog; path = Assets.xcassets; sourceTree = "<group>"; };
		43DCB2B423F28A8600F5BE18 /* Base */ = {isa = PBXFileReference; lastKnownFileType = file.storyboard; name = Base; path = Base.lproj/LaunchScreen.storyboard; sourceTree = "<group>"; };
		43DCB2B623F28A8600F5BE18 /* Info.plist */ = {isa = PBXFileReference; lastKnownFileType = text.plist.xml; path = Info.plist; sourceTree = "<group>"; };
		43DCB2C223F38A3000F5BE18 /* UserNotifications.framework */ = {isa = PBXFileReference; lastKnownFileType = wrapper.framework; name = UserNotifications.framework; path = System/Library/Frameworks/UserNotifications.framework; sourceTree = SDKROOT; };
		43DCB2C423F38A3000F5BE18 /* UserNotificationsUI.framework */ = {isa = PBXFileReference; lastKnownFileType = wrapper.framework; name = UserNotificationsUI.framework; path = System/Library/Frameworks/UserNotificationsUI.framework; sourceTree = SDKROOT; };
		43DCB2D823F38AB600F5BE18 /* notification-service-ex.appex */ = {isa = PBXFileReference; explicitFileType = "wrapper.app-extension"; includeInIndex = 0; path = "notification-service-ex.appex"; sourceTree = BUILT_PRODUCTS_DIR; };
		43DCB2DA23F38AB600F5BE18 /* NotificationService.swift */ = {isa = PBXFileReference; lastKnownFileType = sourcecode.swift; path = NotificationService.swift; sourceTree = "<group>"; };
		43DCB2DC23F38AB600F5BE18 /* Info.plist */ = {isa = PBXFileReference; lastKnownFileType = text.plist.xml; path = Info.plist; sourceTree = "<group>"; };
		43DCB2E723F39B6600F5BE18 /* AppDelegate.swift */ = {isa = PBXFileReference; fileEncoding = 4; lastKnownFileType = sourcecode.swift; path = AppDelegate.swift; sourceTree = "<group>"; };
		43DCB2E823F39B6600F5BE18 /* SceneDelegate.swift */ = {isa = PBXFileReference; fileEncoding = 4; lastKnownFileType = sourcecode.swift; path = SceneDelegate.swift; sourceTree = "<group>"; };
		43DCB2EB23F39B7000F5BE18 /* sample.jpg */ = {isa = PBXFileReference; lastKnownFileType = image.jpeg; path = sample.jpg; sourceTree = "<group>"; };
/* End PBXFileReference section */

/* Begin PBXFrameworksBuildPhase section */
		43DCB29F23F28A8300F5BE18 /* Frameworks */ = {
			isa = PBXFrameworksBuildPhase;
			buildActionMask = 2147483647;
			files = (
			);
			runOnlyForDeploymentPostprocessing = 0;
		};
		43DCB2D523F38AB600F5BE18 /* Frameworks */ = {
			isa = PBXFrameworksBuildPhase;
			buildActionMask = 2147483647;
			files = (
			);
			runOnlyForDeploymentPostprocessing = 0;
		};
/* End PBXFrameworksBuildPhase section */

/* Begin PBXGroup section */
		43DCB29923F28A8300F5BE18 = {
			isa = PBXGroup;
			children = (
				43DCB2A423F28A8300F5BE18 /* ios-apns-test */,
				43DCB2D923F38AB600F5BE18 /* notification-service-ex */,
				43DCB2C123F38A3000F5BE18 /* Frameworks */,
				43DCB2A323F28A8300F5BE18 /* Products */,
			);
			sourceTree = "<group>";
		};
		43DCB2A323F28A8300F5BE18 /* Products */ = {
			isa = PBXGroup;
			children = (
				43DCB2A223F28A8300F5BE18 /* ios-apns-test.app */,
				43DCB2D823F38AB600F5BE18 /* notification-service-ex.appex */,
			);
			name = Products;
			sourceTree = "<group>";
		};
		43DCB2A423F28A8300F5BE18 /* ios-apns-test */ = {
			isa = PBXGroup;
			children = (
				43DCB2E723F39B6600F5BE18 /* AppDelegate.swift */,
				43DCB2E823F39B6600F5BE18 /* SceneDelegate.swift */,
				43DCB2A923F28A8300F5BE18 /* ViewController.swift */,
				43DCB2AB23F28A8300F5BE18 /* Main.storyboard */,
				43DCB2B123F28A8600F5BE18 /* Assets.xcassets */,
				43DCB2B323F28A8600F5BE18 /* LaunchScreen.storyboard */,
				43DCB2B623F28A8600F5BE18 /* Info.plist */,
				43DCB2AE23F28A8300F5BE18 /* ios_apns_test.xcdatamodeld */,
				43DCB2EB23F39B7000F5BE18 /* sample.jpg */,
			);
			path = "ios-apns-test";
			sourceTree = "<group>";
		};
		43DCB2C123F38A3000F5BE18 /* Frameworks */ = {
			isa = PBXGroup;
			children = (
				43DCB2C223F38A3000F5BE18 /* UserNotifications.framework */,
				43DCB2C423F38A3000F5BE18 /* UserNotificationsUI.framework */,
			);
			name = Frameworks;
			sourceTree = "<group>";
		};
		43DCB2D923F38AB600F5BE18 /* notification-service-ex */ = {
			isa = PBXGroup;
			children = (
				43DCB2DA23F38AB600F5BE18 /* NotificationService.swift */,
				43DCB2DC23F38AB600F5BE18 /* Info.plist */,
			);
			path = "notification-service-ex";
			sourceTree = "<group>";
		};
/* End PBXGroup section */

/* Begin PBXNativeTarget section */
		43DCB2A123F28A8300F5BE18 /* ios-apns-test */ = {
			isa = PBXNativeTarget;
			buildConfigurationList = 43DCB2B923F28A8600F5BE18 /* Build configuration list for PBXNativeTarget "ios-apns-test" */;
			buildPhases = (
				43DCB29E23F28A8300F5BE18 /* Sources */,
				43DCB29F23F28A8300F5BE18 /* Frameworks */,
				43DCB2A023F28A8300F5BE18 /* Resources */,
				43DCB2D023F38A3000F5BE18 /* Embed App Extensions */,
			);
			buildRules = (
			);
			dependencies = (
				43DCB2DE23F38AB600F5BE18 /* PBXTargetDependency */,
			);
			name = "ios-apns-test";
			productName = "ios-apns-test";
			productReference = 43DCB2A223F28A8300F5BE18 /* ios-apns-test.app */;
			productType = "com.apple.product-type.application";
		};
		43DCB2D723F38AB600F5BE18 /* notification-service-ex */ = {
			isa = PBXNativeTarget;
			buildConfigurationList = 43DCB2E023F38AB600F5BE18 /* Build configuration list for PBXNativeTarget "notification-service-ex" */;
			buildPhases = (
				43DCB2D423F38AB600F5BE18 /* Sources */,
				43DCB2D523F38AB600F5BE18 /* Frameworks */,
				43DCB2D623F38AB600F5BE18 /* Resources */,
			);
			buildRules = (
			);
			dependencies = (
			);
			name = "notification-service-ex";
			productName = "notification-service-ex";
			productReference = 43DCB2D823F38AB600F5BE18 /* notification-service-ex.appex */;
			productType = "com.apple.product-type.app-extension";
		};
/* End PBXNativeTarget section */

/* Begin PBXProject section */
		43DCB29A23F28A8300F5BE18 /* Project object */ = {
			isa = PBXProject;
			attributes = {
				LastSwiftUpdateCheck = 1130;
				LastUpgradeCheck = 1130;
				ORGANIZATIONNAME = jhseo;
				TargetAttributes = {
					43DCB2A123F28A8300F5BE18 = {
						CreatedOnToolsVersion = 11.3.1;
					};
					43DCB2D723F38AB600F5BE18 = {
						CreatedOnToolsVersion = 11.3.1;
					};
				};
			};
			buildConfigurationList = 43DCB29D23F28A8300F5BE18 /* Build configuration list for PBXProject "ios-apns-test" */;
			compatibilityVersion = "Xcode 9.3";
			developmentRegion = en;
			hasScannedForEncodings = 0;
			knownRegions = (
				en,
				Base,
			);
			mainGroup = 43DCB29923F28A8300F5BE18;
			productRefGroup = 43DCB2A323F28A8300F5BE18 /* Products */;
			projectDirPath = "";
			projectRoot = "";
			targets = (
				43DCB2A123F28A8300F5BE18 /* ios-apns-test */,
				43DCB2D723F38AB600F5BE18 /* notification-service-ex */,
			);
		};
/* End PBXProject section */

/* Begin PBXResourcesBuildPhase section */
		43DCB2A023F28A8300F5BE18 /* Resources */ = {
			isa = PBXResourcesBuildPhase;
			buildActionMask = 2147483647;
			files = (
				43DCB2B523F28A8600F5BE18 /* LaunchScreen.storyboard in Resources */,
				43DCB2B223F28A8600F5BE18 /* Assets.xcassets in Resources */,
				43DCB2AD23F28A8300F5BE18 /* Main.storyboard in Resources */,
				43DCB2EC23F39B7000F5BE18 /* sample.jpg in Resources */,
			);
			runOnlyForDeploymentPostprocessing = 0;
		};
		43DCB2D623F38AB600F5BE18 /* Resources */ = {
			isa = PBXResourcesBuildPhase;
			buildActionMask = 2147483647;
			files = (
			);
			runOnlyForDeploymentPostprocessing = 0;
		};
/* End PBXResourcesBuildPhase section */

/* Begin PBXSourcesBuildPhase section */
		43DCB29E23F28A8300F5BE18 /* Sources */ = {
			isa = PBXSourcesBuildPhase;
			buildActionMask = 2147483647;
			files = (
				43DCB2AA23F28A8300F5BE18 /* ViewController.swift in Sources */,
				43DCB2B023F28A8300F5BE18 /* ios_apns_test.xcdatamodeld in Sources */,
				43DCB2E923F39B6600F5BE18 /* AppDelegate.swift in Sources */,
				43DCB2EA23F39B6600F5BE18 /* SceneDelegate.swift in Sources */,
			);
			runOnlyForDeploymentPostprocessing = 0;
		};
		43DCB2D423F38AB600F5BE18 /* Sources */ = {
			isa = PBXSourcesBuildPhase;
			buildActionMask = 2147483647;
			files = (
				43DCB2DB23F38AB600F5BE18 /* NotificationService.swift in Sources */,
			);
			runOnlyForDeploymentPostprocessing = 0;
		};
/* End PBXSourcesBuildPhase section */

/* Begin PBXTargetDependency section */
		43DCB2DE23F38AB600F5BE18 /* PBXTargetDependency */ = {
			isa = PBXTargetDependency;
			target = 43DCB2D723F38AB600F5BE18 /* notification-service-ex */;
			targetProxy = 43DCB2DD23F38AB600F5BE18 /* PBXContainerItemProxy */;
		};
/* End PBXTargetDependency section */

/* Begin PBXVariantGroup section */
		43DCB2AB23F28A8300F5BE18 /* Main.storyboard */ = {
			isa = PBXVariantGroup;
			children = (
				43DCB2AC23F28A8300F5BE18 /* Base */,
			);
			name = Main.storyboard;
			sourceTree = "<group>";
		};
		43DCB2B323F28A8600F5BE18 /* LaunchScreen.storyboard */ = {
			isa = PBXVariantGroup;
			children = (
				43DCB2B423F28A8600F5BE18 /* Base */,
			);
			name = LaunchScreen.storyboard;
			sourceTree = "<group>";
		};
/* End PBXVariantGroup section */

/* Begin XCBuildConfiguration section */
		43DCB2B723F28A8600F5BE18 /* Debug */ = {
			isa = XCBuildConfiguration;
			buildSettings = {
				ALWAYS_SEARCH_USER_PATHS = NO;
				CLANG_ANALYZER_NONNULL = YES;
				CLANG_ANALYZER_NUMBER_OBJECT_CONVERSION = YES_AGGRESSIVE;
				CLANG_CXX_LANGUAGE_STANDARD = "gnu++14";
				CLANG_CXX_LIBRARY = "libc++";
				CLANG_ENABLE_MODULES = YES;
				CLANG_ENABLE_OBJC_ARC = YES;
				CLANG_ENABLE_OBJC_WEAK = YES;
				CLANG_WARN_BLOCK_CAPTURE_AUTORELEASING = YES;
				CLANG_WARN_BOOL_CONVERSION = YES;
				CLANG_WARN_COMMA = YES;
				CLANG_WARN_CONSTANT_CONVERSION = YES;
				CLANG_WARN_DEPRECATED_OBJC_IMPLEMENTATIONS = YES;
				CLANG_WARN_DIRECT_OBJC_ISA_USAGE = YES_ERROR;
				CLANG_WARN_DOCUMENTATION_COMMENTS = YES;
				CLANG_WARN_EMPTY_BODY = YES;
				CLANG_WARN_ENUM_CONVERSION = YES;
				CLANG_WARN_INFINITE_RECURSION = YES;
				CLANG_WARN_INT_CONVERSION = YES;
				CLANG_WARN_NON_LITERAL_NULL_CONVERSION = YES;
				CLANG_WARN_OBJC_IMPLICIT_RETAIN_SELF = YES;
				CLANG_WARN_OBJC_LITERAL_CONVERSION = YES;
				CLANG_WARN_OBJC_ROOT_CLASS = YES_ERROR;
				CLANG_WARN_RANGE_LOOP_ANALYSIS = YES;
				CLANG_WARN_STRICT_PROTOTYPES = YES;
				CLANG_WARN_SUSPICIOUS_MOVE = YES;
				CLANG_WARN_UNGUARDED_AVAILABILITY = YES_AGGRESSIVE;
				CLANG_WARN_UNREACHABLE_CODE = YES;
				CLANG_WARN__DUPLICATE_METHOD_MATCH = YES;
				COPY_PHASE_STRIP = NO;
				DEBUG_INFORMATION_FORMAT = dwarf;
				ENABLE_STRICT_OBJC_MSGSEND = YES;
				ENABLE_TESTABILITY = YES;
				GCC_C_LANGUAGE_STANDARD = gnu11;
				GCC_DYNAMIC_NO_PIC = NO;
				GCC_NO_COMMON_BLOCKS = YES;
				GCC_OPTIMIZATION_LEVEL = 0;
				GCC_PREPROCESSOR_DEFINITIONS = (
					"DEBUG=1",
					"$(inherited)",
				);
				GCC_WARN_64_TO_32_BIT_CONVERSION = YES;
				GCC_WARN_ABOUT_RETURN_TYPE = YES_ERROR;
				GCC_WARN_UNDECLARED_SELECTOR = YES;
				GCC_WARN_UNINITIALIZED_AUTOS = YES_AGGRESSIVE;
				GCC_WARN_UNUSED_FUNCTION = YES;
				GCC_WARN_UNUSED_VARIABLE = YES;
				IPHONEOS_DEPLOYMENT_TARGET = 13.2;
				MTL_ENABLE_DEBUG_INFO = INCLUDE_SOURCE;
				MTL_FAST_MATH = YES;
				ONLY_ACTIVE_ARCH = YES;
				SDKROOT = iphoneos;
				SWIFT_ACTIVE_COMPILATION_CONDITIONS = DEBUG;
				SWIFT_OPTIMIZATION_LEVEL = "-Onone";
			};
			name = Debug;
		};
		43DCB2B823F28A8600F5BE18 /* Release */ = {
			isa = XCBuildConfiguration;
			buildSettings = {
				ALWAYS_SEARCH_USER_PATHS = NO;
				CLANG_ANALYZER_NONNULL = YES;
				CLANG_ANALYZER_NUMBER_OBJECT_CONVERSION = YES_AGGRESSIVE;
				CLANG_CXX_LANGUAGE_STANDARD = "gnu++14";
				CLANG_CXX_LIBRARY = "libc++";
				CLANG_ENABLE_MODULES = YES;
				CLANG_ENABLE_OBJC_ARC = YES;
				CLANG_ENABLE_OBJC_WEAK = YES;
				CLANG_WARN_BLOCK_CAPTURE_AUTORELEASING = YES;
				CLANG_WARN_BOOL_CONVERSION = YES;
				CLANG_WARN_COMMA = YES;
				CLANG_WARN_CONSTANT_CONVERSION = YES;
				CLANG_WARN_DEPRECATED_OBJC_IMPLEMENTATIONS = YES;
				CLANG_WARN_DIRECT_OBJC_ISA_USAGE = YES_ERROR;
				CLANG_WARN_DOCUMENTATION_COMMENTS = YES;
				CLANG_WARN_EMPTY_BODY = YES;
				CLANG_WARN_ENUM_CONVERSION = YES;
				CLANG_WARN_INFINITE_RECURSION = YES;
				CLANG_WARN_INT_CONVERSION = YES;
				CLANG_WARN_NON_LITERAL_NULL_CONVERSION = YES;
				CLANG_WARN_OBJC_IMPLICIT_RETAIN_SELF = YES;
				CLANG_WARN_OBJC_LITERAL_CONVERSION = YES;
				CLANG_WARN_OBJC_ROOT_CLASS = YES_ERROR;
				CLANG_WARN_RANGE_LOOP_ANALYSIS = YES;
				CLANG_WARN_STRICT_PROTOTYPES = YES;
				CLANG_WARN_SUSPICIOUS_MOVE = YES;
				CLANG_WARN_UNGUARDED_AVAILABILITY = YES_AGGRESSIVE;
				CLANG_WARN_UNREACHABLE_CODE = YES;
				CLANG_WARN__DUPLICATE_METHOD_MATCH = YES;
				COPY_PHASE_STRIP = NO;
				DEBUG_INFORMATION_FORMAT = "dwarf-with-dsym";
				ENABLE_NS_ASSERTIONS = NO;
				ENABLE_STRICT_OBJC_MSGSEND = YES;
				GCC_C_LANGUAGE_STANDARD = gnu11;
				GCC_NO_COMMON_BLOCKS = YES;
				GCC_WARN_64_TO_32_BIT_CONVERSION = YES;
				GCC_WARN_ABOUT_RETURN_TYPE = YES_ERROR;
				GCC_WARN_UNDECLARED_SELECTOR = YES;
				GCC_WARN_UNINITIALIZED_AUTOS = YES_AGGRESSIVE;
				GCC_WARN_UNUSED_FUNCTION = YES;
				GCC_WARN_UNUSED_VARIABLE = YES;
				IPHONEOS_DEPLOYMENT_TARGET = 13.2;
				MTL_ENABLE_DEBUG_INFO = NO;
				MTL_FAST_MATH = YES;
				SDKROOT = iphoneos;
				SWIFT_COMPILATION_MODE = wholemodule;
				SWIFT_OPTIMIZATION_LEVEL = "-O";
				VALIDATE_PRODUCT = YES;
			};
			name = Release;
		};
		43DCB2BA23F28A8600F5BE18 /* Debug */ = {
			isa = XCBuildConfiguration;
			buildSettings = {
				ALWAYS_EMBED_SWIFT_STANDARD_LIBRARIES = YES;
				ASSETCATALOG_COMPILER_APPICON_NAME = AppIcon;
				CODE_SIGN_STYLE = Automatic;
				DEVELOPMENT_TEAM = 52HBQB3V24;
				INFOPLIST_FILE = "ios-apns-test/Info.plist";
				LD_RUNPATH_SEARCH_PATHS = (
					"$(inherited)",
					"@executable_path/Frameworks",
				);
				PRODUCT_BUNDLE_IDENTIFIER = "com.jhseo.ios-apns-test";
				PRODUCT_NAME = "$(TARGET_NAME)";
				SWIFT_VERSION = 5.0;
				TARGETED_DEVICE_FAMILY = "1,2";
			};
			name = Debug;
		};
		43DCB2BB23F28A8600F5BE18 /* Release */ = {
			isa = XCBuildConfiguration;
			buildSettings = {
				ALWAYS_EMBED_SWIFT_STANDARD_LIBRARIES = YES;
				ASSETCATALOG_COMPILER_APPICON_NAME = AppIcon;
				CODE_SIGN_STYLE = Automatic;
				DEVELOPMENT_TEAM = 52HBQB3V24;
				INFOPLIST_FILE = "ios-apns-test/Info.plist";
				LD_RUNPATH_SEARCH_PATHS = (
					"$(inherited)",
					"@executable_path/Frameworks",
				);
				PRODUCT_BUNDLE_IDENTIFIER = "com.jhseo.ios-apns-test";
				PRODUCT_NAME = "$(TARGET_NAME)";
				SWIFT_VERSION = 5.0;
				TARGETED_DEVICE_FAMILY = "1,2";
			};
			name = Release;
		};
		43DCB2E123F38AB600F5BE18 /* Debug */ = {
			isa = XCBuildConfiguration;
			buildSettings = {
				CODE_SIGN_STYLE = Automatic;
				DEVELOPMENT_TEAM = 52HBQB3V24;
				INFOPLIST_FILE = "notification-service-ex/Info.plist";
				LD_RUNPATH_SEARCH_PATHS = (
					"$(inherited)",
					"@executable_path/Frameworks",
					"@executable_path/../../Frameworks",
				);
				PRODUCT_BUNDLE_IDENTIFIER = "com.jhseo.ios-apns-test.notification-service-ex";
				PRODUCT_NAME = "$(TARGET_NAME)";
				SKIP_INSTALL = YES;
				SWIFT_VERSION = 5.0;
				TARGETED_DEVICE_FAMILY = "1,2";
			};
			name = Debug;
		};
		43DCB2E223F38AB600F5BE18 /* Release */ = {
			isa = XCBuildConfiguration;
			buildSettings = {
				CODE_SIGN_STYLE = Automatic;
				DEVELOPMENT_TEAM = 52HBQB3V24;
				INFOPLIST_FILE = "notification-service-ex/Info.plist";
				LD_RUNPATH_SEARCH_PATHS = (
					"$(inherited)",
					"@executable_path/Frameworks",
					"@executable_path/../../Frameworks",
				);
				PRODUCT_BUNDLE_IDENTIFIER = "com.jhseo.ios-apns-test.notification-service-ex";
				PRODUCT_NAME = "$(TARGET_NAME)";
				SKIP_INSTALL = YES;
				SWIFT_VERSION = 5.0;
				TARGETED_DEVICE_FAMILY = "1,2";
			};
			name = Release;
		};
/* End XCBuildConfiguration section */

/* Begin XCConfigurationList section */
		43DCB29D23F28A8300F5BE18 /* Build configuration list for PBXProject "ios-apns-test" */ = {
			isa = XCConfigurationList;
			buildConfigurations = (
				43DCB2B723F28A8600F5BE18 /* Debug */,
				43DCB2B823F28A8600F5BE18 /* Release */,
			);
			defaultConfigurationIsVisible = 0;
			defaultConfigurationName = Release;
		};
		43DCB2B923F28A8600F5BE18 /* Build configuration list for PBXNativeTarget "ios-apns-test" */ = {
			isa = XCConfigurationList;
			buildConfigurations = (
				43DCB2BA23F28A8600F5BE18 /* Debug */,
				43DCB2BB23F28A8600F5BE18 /* Release */,
			);
			defaultConfigurationIsVisible = 0;
			defaultConfigurationName = Release;
		};
		43DCB2E023F38AB600F5BE18 /* Build configuration list for PBXNativeTarget "notification-service-ex" */ = {
			isa = XCConfigurationList;
			buildConfigurations = (
				43DCB2E123F38AB600F5BE18 /* Debug */,
				43DCB2E223F38AB600F5BE18 /* Release */,
			);
			defaultConfigurationIsVisible = 0;
			defaultConfigurationName = Release;
		};
/* End XCConfigurationList section */

/* Begin XCVersionGroup section */
		43DCB2AE23F28A8300F5BE18 /* ios_apns_test.xcdatamodeld */ = {
			isa = XCVersionGroup;
			children = (
				43DCB2AF23F28A8300F5BE18 /* ios_apns_test.xcdatamodel */,
			);
			currentVersion = 43DCB2AF23F28A8300F5BE18 /* ios_apns_test.xcdatamodel */;
			path = ios_apns_test.xcdatamodeld;
			sourceTree = "<group>";
			versionGroupType = wrapper.xcdatamodel;
		};
/* End XCVersionGroup section */
	};
	rootObject = 43DCB29A23F28A8300F5BE18 /* Project object */;
}
